
Microsoft Visual Studio Solution File, Format Version 12.00
# Visual Studio Version 16
VisualStudioVersion = 16.0.31105.61
MinimumVisualStudioVersion = 10.0.40219.1
Project("{FAE04EC0-301F-11D3-BF4B-00C04F79EFBC}") = "POC15.Android", "POC15.Android\POC15.Android.csproj", "{10C00F4A-4A4A-4722-936D-34E7E6411EA1}"
EndProject
Project("{FAE04EC0-301F-11D3-BF4B-00C04F79EFBC}") = "POC15.iOS", "POC15.iOS\POC15.iOS.csproj", "{04DEB404-D21E-4741-8DAF-09FFE41B4FC8}"
EndProject
Project("{FAE04EC0-301F-11D3-BF4B-00C04F79EFBC}") = "POC15", "POC15\POC15.csproj", "{F2EEC7E7-8D8E-4312-A69D-6A9BBEC769C7}"
EndProject
Global
	GlobalSection(SolutionConfigurationPlatforms) = preSolution
		Debug|Any CPU = Debug|Any CPU
		Debug|iPhone = Debug|iPhone
		Debug|iPhoneSimulator = Debug|iPhoneSimulator
		Release|Any CPU = Release|Any CPU
		Release|iPhone = Release|iPhone
		Release|iPhoneSimulator = Release|iPhoneSimulator
	EndGlobalSection
	GlobalSection(ProjectConfigurationPlatforms) = postSolution
		{10C00F4A-4A4A-4722-936D-34E7E6411EA1}.Debug|Any CPU.ActiveCfg = Debug|Any CPU
		{10C00F4A-4A4A-4722-936D-34E7E6411EA1}.Debug|Any CPU.Build.0 = Debug|Any CPU
		{10C00F4A-4A4A-4722-936D-34E7E6411EA1}.Debug|Any CPU.Deploy.0 = Debug|Any CPU
		{10C00F4A-4A4A-4722-936D-34E7E6411EA1}.Debug|iPhone.ActiveCfg = Debug|Any CPU
		{10C00F4A-4A4A-4722-936D-34E7E6411EA1}.Debug|iPhone.Build.0 = Debug|Any CPU
		{10C00F4A-4A4A-4722-936D-34E7E6411EA1}.Debug|iPhone.Deploy.0 = Debug|Any CPU
		{10C00F4A-4A4A-4722-936D-34E7E6411EA1}.Debug|iPhoneSimulator.ActiveCfg = Debug|Any CPU
		{10C00F4A-4A4A-4722-936D-34E7E6411EA1}.Debug|iPhoneSimulator.Build.0 = Debug|Any CPU
		{10C00F4A-4A4A-4722-936D-34E7E6411EA1}.Debug|iPhoneSimulator.Deploy.0 = Debug|Any CPU
		{10C00F4A-4A4A-4722-936D-34E7E6411EA1}.Release|Any CPU.ActiveCfg = Release|Any CPU
		{10C00F4A-4A4A-4722-936D-34E7E6411EA1}.Release|Any CPU.Build.0 = Release|Any CPU
		{10C00F4A-4A4A-4722-936D-34E7E6411EA1}.Release|Any CPU.Deploy.0 = Release|Any CPU
		{10C00F4A-4A4A-4722-936D-34E7E6411EA1}.Release|iPhone.ActiveCfg = Release|Any CPU
		{10C00F4A-4A4A-4722-936D-34E7E6411EA1}.Release|iPhone.Build.0 = Release|Any CPU
		{10C00F4A-4A4A-4722-936D-34E7E6411EA1}.Release|iPhone.Deploy.0 = Release|Any CPU
		{10C00F4A-4A4A-4722-936D-34E7E6411EA1}.Release|iPhoneSimulator.ActiveCfg = Release|Any CPU
		{10C00F4A-4A4A-4722-936D-34E7E6411EA1}.Release|iPhoneSimulator.Build.0 = Release|Any CPU
		{10C00F4A-4A4A-4722-936D-34E7E6411EA1}.Release|iPhoneSimulator.Deploy.0 = Release|Any CPU
		{04DEB404-D21E-4741-8DAF-09FFE41B4FC8}.Debug|Any CPU.ActiveCfg = Debug|iPhone
		{04DEB404-D21E-4741-8DAF-09FFE41B4FC8}.Debug|Any CPU.Build.0 = Debug|iPhone
		{04DEB404-D21E-4741-8DAF-09FFE41B4FC8}.Debug|Any CPU.Deploy.0 = Debug|iPhone
		{04DEB404-D21E-4741-8DAF-09FFE41B4FC8}.Debug|iPhone.ActiveCfg = Debug|iPhone
		{04DEB404-D21E-4741-8DAF-09FFE41B4FC8}.Debug|iPhone.Build.0 = Debug|iPhone
		{04DEB404-D21E-4741-8DAF-09FFE41B4FC8}.Debug|iPhone.Deploy.0 = Debug|iPhone
		{04DEB404-D21E-4741-8DAF-09FFE41B4FC8}.Debug|iPhoneSimulator.ActiveCfg = Debug|iPhoneSimulator
		{04DEB404-D21E-4741-8DAF-09FFE41B4FC8}.Debug|iPhoneSimulator.Build.0 = Debug|iPhoneSimulator
		{04DEB404-D21E-4741-8DAF-09FFE41B4FC8}.Debug|iPhoneSimulator.Deploy.0 = Debug|iPhoneSimulator
		{04DEB404-D21E-4741-8DAF-09FFE41B4FC8}.Release|Any CPU.ActiveCfg = Release|iPhoneSimulator
		{04DEB404-D21E-4741-8DAF-09FFE41B4FC8}.Release|Any CPU.Build.0 = Release|iPhoneSimulator
		{04DEB404-D21E-4741-8DAF-09FFE41B4FC8}.Release|Any CPU.Deploy.0 = Release|iPhoneSimulator
		{04DEB404-D21E-4741-8DAF-09FFE41B4FC8}.Release|iPhone.ActiveCfg = Release|iPhone
		{04DEB404-D21E-4741-8DAF-09FFE41B4FC8}.Release|iPhone.Build.0 = Release|iPhone
		{04DEB404-D21E-4741-8DAF-09FFE41B4FC8}.Release|iPhone.Deploy.0 = Release|iPhone
		{04DEB404-D21E-4741-8DAF-09FFE41B4FC8}.Release|iPhoneSimulator.ActiveCfg = Release|iPhoneSimulator
		{04DEB404-D21E-4741-8DAF-09FFE41B4FC8}.Release|iPhoneSimulator.Build.0 = Release|iPhoneSimulator
		{04DEB404-D21E-4741-8DAF-09FFE41B4FC8}.Release|iPhoneSimulator.Deploy.0 = Release|iPhoneSimulator
		{F2EEC7E7-8D8E-4312-A69D-6A9BBEC769C7}.Debug|Any CPU.ActiveCfg = Debug|Any CPU
		{F2EEC7E7-8D8E-4312-A69D-6A9BBEC769C7}.Debug|Any CPU.Build.0 = Debug|Any CPU
		{F2EEC7E7-8D8E-4312-A69D-6A9BBEC769C7}.Debug|Any CPU.Deploy.0 = Debug|Any CPU
		{F2EEC7E7-8D8E-4312-A69D-6A9BBEC769C7}.Debug|iPhone.ActiveCfg = Debug|Any CPU
		{F2EEC7E7-8D8E-4312-A69D-6A9BBEC769C7}.Debug|iPhone.Build.0 = Debug|Any CPU
		{F2EEC7E7-8D8E-4312-A69D-6A9BBEC769C7}.Debug|iPhone.Deploy.0 = Debug|Any CPU
		{F2EEC7E7-8D8E-4312-A69D-6A9BBEC769C7}.Debug|iPhoneSimulator.ActiveCfg = Debug|Any CPU
		{F2EEC7E7-8D8E-4312-A69D-6A9BBEC769C7}.Debug|iPhoneSimulator.Build.0 = Debug|Any CPU
		{F2EEC7E7-8D8E-4312-A69D-6A9BBEC769C7}.Debug|iPhoneSimulator.Deploy.0 = Debug|Any CPU
		{F2EEC7E7-8D8E-4312-A69D-6A9BBEC769C7}.Release|Any CPU.ActiveCfg = Release|Any CPU
		{F2EEC7E7-8D8E-4312-A69D-6A9BBEC769C7}.Release|Any CPU.Build.0 = Release|Any CPU
		{F2EEC7E7-8D8E-4312-A69D-6A9BBEC769C7}.Release|Any CPU.Deploy.0 = Release|Any CPU
		{F2EEC7E7-8D8E-4312-A69D-6A9BBEC769C7}.Release|iPhone.ActiveCfg = Release|Any CPU
		{F2EEC7E7-8D8E-4312-A69D-6A9BBEC769C7}.Release|iPhone.Build.0 = Release|Any CPU
		{F2EEC7E7-8D8E-4312-A69D-6A9BBEC769C7}.Release|iPhone.Deploy.0 = Release|Any CPU
		{F2EEC7E7-8D8E-4312-A69D-6A9BBEC769C7}.Release|iPhoneSimulator.ActiveCfg = Release|Any CPU
		{F2EEC7E7-8D8E-4312-A69D-6A9BBEC769C7}.Release|iPhoneSimulator.Build.0 = Release|Any CPU
		{F2EEC7E7-8D8E-4312-A69D-6A9BBEC769C7}.Release|iPhoneSimulator.Deploy.0 = Release|Any CPU
	EndGlobalSection
	GlobalSection(SolutionProperties) = preSolution
		HideSolutionNode = FALSE
	EndGlobalSection
	GlobalSection(ExtensibilityGlobals) = postSolution
		SolutionGuid = {D977CFD8-2F06-4638-98BF-232E02698EEF}
	EndGlobalSection
EndGlobal
